{
  "requires": true,
  "lockfileVersion": 1,
  "dependencies": {
    "simple-keyboard": {
      "version": "3.4.54",
      "resolved": "https://registry.npmjs.org/simple-keyboard/-/simple-keyboard-3.4.54.tgz",
      "integrity": "sha512-XnJ3MWIch4S9Sgv8mEoZCYPZHMyC/X/RlLdp8VuYV3LBk2mK+OWds29fRuxS7pmdraO+wYj4rf7bscVIZ20Tpw=="
    }
  }
}
